Microsoft Visual Studio Solution File, Format Version 12.00
# Visual Studio Version 18
VisualStudioVersion = 18.1.11312.151
MinimumVisualStudioVersion = 10.0.40219.1
Project("{FAE04EC0-301F-11D3-BF4B-00C04F79EFBC}") = "KeycloakWebService", "KeycloakWebService\KeycloakWebService.csproj", "{3B84D20B-5709-A0D2-1843-DDBE5A049101}"
EndProject
Project("{FAE04EC0-301F-11D3-BF4B-00C04F79EFBC}") = "ConfigWebService", "ConfigWebService\ConfigWebService.csproj", "{2537694A-DED8-3B32-0803-F1C90D8910B5}"
EndProject
Project("{2150E333-8FDC-42A3-9474-1A3956D46DE8}") = "Solution Items", "Solution Items", "{8EC462FD-D22E-90A8-E5CE-7E832BA40C5D}"
	ProjectSection(SolutionItems) = preProject
		deploy-all-webservices.sh = deploy-all-webservices.sh
		deploy-one-webservice.sh = deploy-one-webservice.sh
	EndProjectSection
EndProject
Project("{FAE04EC0-301F-11D3-BF4B-00C04F79EFBC}") = "LoggerWebService", "LoggerWebService\LoggerWebService.csproj", "{4EBCFD1B-17A3-493F-BF18-0DD31FC124AC}"
EndProject
Project("{FAE04EC0-301F-11D3-BF4B-00C04F79EFBC}") = "SampleWebService", "SampleWebService\SampleWebService.csproj", "{32C12310-FD0C-F7B4-3862-91FDBD861EE6}"
EndProject
Project("{FAE04EC0-301F-11D3-BF4B-00C04F79EFBC}") = "IFGlobal", "..\csharp\IFGlobal\IFGlobal.csproj", "{2DB643E3-35DF-76F4-7A78-CBD232CC3280}"
EndProject
Project("{FAE04EC0-301F-11D3-BF4B-00C04F79EFBC}") = "ChitterChatterWebService", "ChitterChatterWebService\ChitterChatterWebService.csproj", "{2E7E37F5-987A-0C6B-5633-CDA7A5AF402B}"
EndProject
Project("{FAE04EC0-301F-11D3-BF4B-00C04F79EFBC}") = "IFOllama.WebService", "..\csharp\IFOllama.WebService\IFOllama.WebService.csproj", "{2125E0B0-6F32-BF78-7851-A23E2BF1DF4D}"
EndProject
Project("{FAE04EC0-301F-11D3-BF4B-00C04F79EFBC}") = "IFOllama.Classes", "..\csharp\IFOllama.Classes\IFOllama.Classes.csproj", "{023CDA95-2CEC-9733-A3AC-D4144C428E51}"
EndProject
Global
	GlobalSection(SolutionConfigurationPlatforms) = preSolution
		DBG|Any CPU = DBG|Any CPU
		Debug|Any CPU = Debug|Any CPU
		DEV|Any CPU = DEV|Any CPU
		PRD|Any CPU = PRD|Any CPU
		Release|Any CPU = Release|Any CPU
		SIT|Any CPU = SIT|Any CPU
		UAT|Any CPU = UAT|Any CPU
	EndGlobalSection
	GlobalSection(ProjectConfigurationPlatforms) = postSolution
		{3B84D20B-5709-A0D2-1843-DDBE5A049101}.DBG|Any CPU.ActiveCfg = DBG|Any CPU
		{3B84D20B-5709-A0D2-1843-DDBE5A049101}.DBG|Any CPU.Build.0 = DBG|Any CPU
		{3B84D20B-5709-A0D2-1843-DDBE5A049101}.Debug|Any CPU.ActiveCfg = Debug|Any CPU
		{3B84D20B-5709-A0D2-1843-DDBE5A049101}.Debug|Any CPU.Build.0 = Debug|Any CPU
		{3B84D20B-5709-A0D2-1843-DDBE5A049101}.DEV|Any CPU.ActiveCfg = DEV|Any CPU
		{3B84D20B-5709-A0D2-1843-DDBE5A049101}.DEV|Any CPU.Build.0 = DEV|Any CPU
		{3B84D20B-5709-A0D2-1843-DDBE5A049101}.PRD|Any CPU.ActiveCfg = PRD|Any CPU
		{3B84D20B-5709-A0D2-1843-DDBE5A049101}.PRD|Any CPU.Build.0 = PRD|Any CPU
		{3B84D20B-5709-A0D2-1843-DDBE5A049101}.Release|Any CPU.ActiveCfg = Release|Any CPU
		{3B84D20B-5709-A0D2-1843-DDBE5A049101}.Release|Any CPU.Build.0 = Release|Any CPU
		{3B84D20B-5709-A0D2-1843-DDBE5A049101}.SIT|Any CPU.ActiveCfg = SIT|Any CPU
		{3B84D20B-5709-A0D2-1843-DDBE5A049101}.SIT|Any CPU.Build.0 = SIT|Any CPU
		{3B84D20B-5709-A0D2-1843-DDBE5A049101}.UAT|Any CPU.ActiveCfg = UAT|Any CPU
		{3B84D20B-5709-A0D2-1843-DDBE5A049101}.UAT|Any CPU.Build.0 = UAT|Any CPU
		{2537694A-DED8-3B32-0803-F1C90D8910B5}.DBG|Any CPU.ActiveCfg = Debug|Any CPU
		{2537694A-DED8-3B32-0803-F1C90D8910B5}.DBG|Any CPU.Build.0 = Debug|Any CPU
		{2537694A-DED8-3B32-0803-F1C90D8910B5}.Debug|Any CPU.ActiveCfg = DBG|Any CPU
		{2537694A-DED8-3B32-0803-F1C90D8910B5}.Debug|Any CPU.Build.0 = DBG|Any CPU
		{2537694A-DED8-3B32-0803-F1C90D8910B5}.DEV|Any CPU.ActiveCfg = DEV|Any CPU
		{2537694A-DED8-3B32-0803-F1C90D8910B5}.PRD|Any CPU.ActiveCfg = PRD|Any CPU
		{2537694A-DED8-3B32-0803-F1C90D8910B5}.Release|Any CPU.ActiveCfg = Release|Any CPU
		{2537694A-DED8-3B32-0803-F1C90D8910B5}.Release|Any CPU.Build.0 = Release|Any CPU
		{2537694A-DED8-3B32-0803-F1C90D8910B5}.SIT|Any CPU.ActiveCfg = SIT|Any CPU
		{2537694A-DED8-3B32-0803-F1C90D8910B5}.UAT|Any CPU.ActiveCfg = UAT|Any CPU
		{4EBCFD1B-17A3-493F-BF18-0DD31FC124AC}.DBG|Any CPU.ActiveCfg = Debug|Any CPU
		{4EBCFD1B-17A3-493F-BF18-0DD31FC124AC}.DBG|Any CPU.Build.0 = Debug|Any CPU
		{4EBCFD1B-17A3-493F-BF18-0DD31FC124AC}.Debug|Any CPU.ActiveCfg = DBG|Any CPU
		{4EBCFD1B-17A3-493F-BF18-0DD31FC124AC}.Debug|Any CPU.Build.0 = DBG|Any CPU
		{4EBCFD1B-17A3-493F-BF18-0DD31FC124AC}.DEV|Any CPU.ActiveCfg = DEV|Any CPU
		{4EBCFD1B-17A3-493F-BF18-0DD31FC124AC}.DEV|Any CPU.Build.0 = DEV|Any CPU
		{4EBCFD1B-17A3-493F-BF18-0DD31FC124AC}.PRD|Any CPU.ActiveCfg = PRD|Any CPU
		{4EBCFD1B-17A3-493F-BF18-0DD31FC124AC}.PRD|Any CPU.Build.0 = PRD|Any CPU
		{4EBCFD1B-17A3-493F-BF18-0DD31FC124AC}.Release|Any CPU.ActiveCfg = Release|Any CPU
		{4EBCFD1B-17A3-493F-BF18-0DD31FC124AC}.Release|Any CPU.Build.0 = Release|Any CPU
		{4EBCFD1B-17A3-493F-BF18-0DD31FC124AC}.SIT|Any CPU.ActiveCfg = SIT|Any CPU
		{4EBCFD1B-17A3-493F-BF18-0DD31FC124AC}.SIT|Any CPU.Build.0 = SIT|Any CPU
		{4EBCFD1B-17A3-493F-BF18-0DD31FC124AC}.UAT|Any CPU.ActiveCfg = UAT|Any CPU
		{4EBCFD1B-17A3-493F-BF18-0DD31FC124AC}.UAT|Any CPU.Build.0 = UAT|Any CPU
		{32C12310-FD0C-F7B4-3862-91FDBD861EE6}.DBG|Any CPU.ActiveCfg = DBG|Any CPU
		{32C12310-FD0C-F7B4-3862-91FDBD861EE6}.DBG|Any CPU.Build.0 = DBG|Any CPU
		{32C12310-FD0C-F7B4-3862-91FDBD861EE6}.Debug|Any CPU.ActiveCfg = Debug|Any CPU
		{32C12310-FD0C-F7B4-3862-91FDBD861EE6}.Debug|Any CPU.Build.0 = Debug|Any CPU
		{32C12310-FD0C-F7B4-3862-91FDBD861EE6}.DEV|Any CPU.ActiveCfg = DEV|Any CPU
		{32C12310-FD0C-F7B4-3862-91FDBD861EE6}.DEV|Any CPU.Build.0 = DEV|Any CPU
		{32C12310-FD0C-F7B4-3862-91FDBD861EE6}.PRD|Any CPU.ActiveCfg = PRD|Any CPU
		{32C12310-FD0C-F7B4-3862-91FDBD861EE6}.PRD|Any CPU.Build.0 = PRD|Any CPU
		{32C12310-FD0C-F7B4-3862-91FDBD861EE6}.Release|Any CPU.ActiveCfg = Release|Any CPU
		{32C12310-FD0C-F7B4-3862-91FDBD861EE6}.Release|Any CPU.Build.0 = Release|Any CPU
		{32C12310-FD0C-F7B4-3862-91FDBD861EE6}.SIT|Any CPU.ActiveCfg = SIT|Any CPU
		{32C12310-FD0C-F7B4-3862-91FDBD861EE6}.SIT|Any CPU.Build.0 = SIT|Any CPU
		{32C12310-FD0C-F7B4-3862-91FDBD861EE6}.UAT|Any CPU.ActiveCfg = UAT|Any CPU
		{32C12310-FD0C-F7B4-3862-91FDBD861EE6}.UAT|Any CPU.Build.0 = UAT|Any CPU
		{2DB643E3-35DF-76F4-7A78-CBD232CC3280}.DBG|Any CPU.ActiveCfg = Release|Any CPU
		{2DB643E3-35DF-76F4-7A78-CBD232CC3280}.DBG|Any CPU.Build.0 = Release|Any CPU
		{2DB643E3-35DF-76F4-7A78-CBD232CC3280}.Debug|Any CPU.ActiveCfg = Debug|Any CPU
		{2DB643E3-35DF-76F4-7A78-CBD232CC3280}.Debug|Any CPU.Build.0 = Debug|Any CPU
		{2DB643E3-35DF-76F4-7A78-CBD232CC3280}.DEV|Any CPU.ActiveCfg = Release|Any CPU
		{2DB643E3-35DF-76F4-7A78-CBD232CC3280}.DEV|Any CPU.Build.0 = Release|Any CPU
		{2DB643E3-35DF-76F4-7A78-CBD232CC3280}.PRD|Any CPU.ActiveCfg = Debug|Any CPU
		{2DB643E3-35DF-76F4-7A78-CBD232CC3280}.PRD|Any CPU.Build.0 = Debug|Any CPU
		{2DB643E3-35DF-76F4-7A78-CBD232CC3280}.Release|Any CPU.ActiveCfg = Release|Any CPU
		{2DB643E3-35DF-76F4-7A78-CBD232CC3280}.Release|Any CPU.Build.0 = Release|Any CPU
		{2DB643E3-35DF-76F4-7A78-CBD232CC3280}.SIT|Any CPU.ActiveCfg = Debug|Any CPU
		{2DB643E3-35DF-76F4-7A78-CBD232CC3280}.SIT|Any CPU.Build.0 = Debug|Any CPU
		{2DB643E3-35DF-76F4-7A78-CBD232CC3280}.UAT|Any CPU.ActiveCfg = Debug|Any CPU
		{2DB643E3-35DF-76F4-7A78-CBD232CC3280}.UAT|Any CPU.Build.0 = Debug|Any CPU
		{2E7E37F5-987A-0C6B-5633-CDA7A5AF402B}.DBG|Any CPU.ActiveCfg = Release|Any CPU
		{2E7E37F5-987A-0C6B-5633-CDA7A5AF402B}.DBG|Any CPU.Build.0 = Release|Any CPU
		{2E7E37F5-987A-0C6B-5633-CDA7A5AF402B}.Debug|Any CPU.ActiveCfg = Debug|Any CPU
		{2E7E37F5-987A-0C6B-5633-CDA7A5AF402B}.Debug|Any CPU.Build.0 = Debug|Any CPU
		{2E7E37F5-987A-0C6B-5633-CDA7A5AF402B}.DEV|Any CPU.ActiveCfg = DEV|Any CPU
		{2E7E37F5-987A-0C6B-5633-CDA7A5AF402B}.DEV|Any CPU.Build.0 = DEV|Any CPU
		{2E7E37F5-987A-0C6B-5633-CDA7A5AF402B}.PRD|Any CPU.ActiveCfg = PRD|Any CPU
		{2E7E37F5-987A-0C6B-5633-CDA7A5AF402B}.PRD|Any CPU.Build.0 = PRD|Any CPU
		{2E7E37F5-987A-0C6B-5633-CDA7A5AF402B}.Release|Any CPU.ActiveCfg = Release|Any CPU
		{2E7E37F5-987A-0C6B-5633-CDA7A5AF402B}.Release|Any CPU.Build.0 = Release|Any CPU
		{2E7E37F5-987A-0C6B-5633-CDA7A5AF402B}.SIT|Any CPU.ActiveCfg = SIT|Any CPU
		{2E7E37F5-987A-0C6B-5633-CDA7A5AF402B}.SIT|Any CPU.Build.0 = SIT|Any CPU
		{2E7E37F5-987A-0C6B-5633-CDA7A5AF402B}.UAT|Any CPU.ActiveCfg = UAT|Any CPU
		{2E7E37F5-987A-0C6B-5633-CDA7A5AF402B}.UAT|Any CPU.Build.0 = UAT|Any CPU
		{2125E0B0-6F32-BF78-7851-A23E2BF1DF4D}.DBG|Any CPU.ActiveCfg = Release|Any CPU
		{2125E0B0-6F32-BF78-7851-A23E2BF1DF4D}.DBG|Any CPU.Build.0 = Release|Any CPU
		{2125E0B0-6F32-BF78-7851-A23E2BF1DF4D}.Debug|Any CPU.ActiveCfg = Debug|Any CPU
		{2125E0B0-6F32-BF78-7851-A23E2BF1DF4D}.Debug|Any CPU.Build.0 = Debug|Any CPU
		{2125E0B0-6F32-BF78-7851-A23E2BF1DF4D}.DEV|Any CPU.ActiveCfg = Release|Any CPU
		{2125E0B0-6F32-BF78-7851-A23E2BF1DF4D}.DEV|Any CPU.Build.0 = Release|Any CPU
		{2125E0B0-6F32-BF78-7851-A23E2BF1DF4D}.PRD|Any CPU.ActiveCfg = Debug|Any CPU
		{2125E0B0-6F32-BF78-7851-A23E2BF1DF4D}.PRD|Any CPU.Build.0 = Debug|Any CPU
		{2125E0B0-6F32-BF78-7851-A23E2BF1DF4D}.Release|Any CPU.ActiveCfg = Release|Any CPU
		{2125E0B0-6F32-BF78-7851-A23E2BF1DF4D}.Release|Any CPU.Build.0 = Release|Any CPU
		{2125E0B0-6F32-BF78-7851-A23E2BF1DF4D}.SIT|Any CPU.ActiveCfg = Debug|Any CPU
		{2125E0B0-6F32-BF78-7851-A23E2BF1DF4D}.SIT|Any CPU.Build.0 = Debug|Any CPU
		{2125E0B0-6F32-BF78-7851-A23E2BF1DF4D}.UAT|Any CPU.ActiveCfg = Debug|Any CPU
		{2125E0B0-6F32-BF78-7851-A23E2BF1DF4D}.UAT|Any CPU.Build.0 = Debug|Any CPU
		{023CDA95-2CEC-9733-A3AC-D4144C428E51}.DBG|Any CPU.ActiveCfg = Release|Any CPU
		{023CDA95-2CEC-9733-A3AC-D4144C428E51}.DBG|Any CPU.Build.0 = Release|Any CPU
		{023CDA95-2CEC-9733-A3AC-D4144C428E51}.Debug|Any CPU.ActiveCfg = Debug|Any CPU
		{023CDA95-2CEC-9733-A3AC-D4144C428E51}.Debug|Any CPU.Build.0 = Debug|Any CPU
		{023CDA95-2CEC-9733-A3AC-D4144C428E51}.DEV|Any CPU.ActiveCfg = Release|Any CPU
		{023CDA95-2CEC-9733-A3AC-D4144C428E51}.DEV|Any CPU.Build.0 = Release|Any CPU
		{023CDA95-2CEC-9733-A3AC-D4144C428E51}.PRD|Any CPU.ActiveCfg = Debug|Any CPU
		{023CDA95-2CEC-9733-A3AC-D4144C428E51}.PRD|Any CPU.Build.0 = Debug|Any CPU
		{023CDA95-2CEC-9733-A3AC-D4144C428E51}.Release|Any CPU.ActiveCfg = Release|Any CPU
		{023CDA95-2CEC-9733-A3AC-D4144C428E51}.Release|Any CPU.Build.0 = Release|Any CPU
		{023CDA95-2CEC-9733-A3AC-D4144C428E51}.SIT|Any CPU.ActiveCfg = Debug|Any CPU
		{023CDA95-2CEC-9733-A3AC-D4144C428E51}.SIT|Any CPU.Build.0 = Debug|Any CPU
		{023CDA95-2CEC-9733-A3AC-D4144C428E51}.UAT|Any CPU.ActiveCfg = Debug|Any CPU
		{023CDA95-2CEC-9733-A3AC-D4144C428E51}.UAT|Any CPU.Build.0 = Debug|Any CPU
	EndGlobalSection
	GlobalSection(SolutionProperties) = preSolution
		HideSolutionNode = FALSE
	EndGlobalSection
	GlobalSection(ExtensibilityGlobals) = postSolution
		SolutionGuid = {9A4127A8-F5B4-4857-B2CD-A354383C03A5}
	EndGlobalSection
EndGlobal
