
Microsoft Visual Studio Solution File, Format Version 12.00
# Visual Studio Version 17
VisualStudioVersion = 17.9.34728.123
MinimumVisualStudioVersion = 10.0.40219.1
Project("{9A19103F-16F7-4668-BE54-9A1E7A4F7556}") = "IFGlobal", "IFGlobal\IFGlobal.csproj", "{230B3653-8C87-453F-9846-6F06440E725E}"
EndProject
Project("{9A19103F-16F7-4668-BE54-9A1E7A4F7556}") = "IFOllama", "IFOllama\IFOllama.csproj", "{6D4A9F63-9BDD-415F-BA74-72FB6436D3F2}"
EndProject
Project("{FAE04EC0-301F-11D3-BF4B-00C04F79EFBC}") = "BTTranslate", "BTTranslate\BTTranslate.csproj", "{0E0DB840-5326-4A7A-BF1E-14DA152E5761}"
EndProject
Project("{FAE04EC0-301F-11D3-BF4B-00C04F79EFBC}") = "FileManager", "File-Manager\FileManager.csproj", "{B8F9996D-A801-4461-AAAE-92DA05399D1C}"
EndProject
Project("{FAE04EC0-301F-11D3-BF4B-00C04F79EFBC}") = "RagIndexer", "RagIndexer\RagIndexer.csproj", "{D9D881FB-0887-41BC-B889-CDB3D7E14157}"
EndProject
Global
	GlobalSection(SolutionConfigurationPlatforms) = preSolution
		Debug|Any CPU = Debug|Any CPU
		Release|Any CPU = Release|Any CPU
	EndGlobalSection
	GlobalSection(ProjectConfigurationPlatforms) = postSolution
		{230B3653-8C87-453F-9846-6F06440E725E}.Debug|Any CPU.ActiveCfg = Debug|Any CPU
		{230B3653-8C87-453F-9846-6F06440E725E}.Debug|Any CPU.Build.0 = Debug|Any CPU
		{230B3653-8C87-453F-9846-6F06440E725E}.Release|Any CPU.ActiveCfg = Release|Any CPU
		{230B3653-8C87-453F-9846-6F06440E725E}.Release|Any CPU.Build.0 = Release|Any CPU
		{6D4A9F63-9BDD-415F-BA74-72FB6436D3F2}.Debug|Any CPU.ActiveCfg = Debug|Any CPU
		{6D4A9F63-9BDD-415F-BA74-72FB6436D3F2}.Debug|Any CPU.Build.0 = Debug|Any CPU
		{6D4A9F63-9BDD-415F-BA74-72FB6436D3F2}.Release|Any CPU.ActiveCfg = Release|Any CPU
		{6D4A9F63-9BDD-415F-BA74-72FB6436D3F2}.Release|Any CPU.Build.0 = Release|Any CPU
		{0E0DB840-5326-4A7A-BF1E-14DA152E5761}.Debug|Any CPU.ActiveCfg = Debug|Any CPU
		{0E0DB840-5326-4A7A-BF1E-14DA152E5761}.Debug|Any CPU.Build.0 = Debug|Any CPU
		{0E0DB840-5326-4A7A-BF1E-14DA152E5761}.Release|Any CPU.ActiveCfg = Release|Any CPU
		{0E0DB840-5326-4A7A-BF1E-14DA152E5761}.Release|Any CPU.Build.0 = Release|Any CPU
		{B8F9996D-A801-4461-AAAE-92DA05399D1C}.Debug|Any CPU.ActiveCfg = Debug|Any CPU
		{B8F9996D-A801-4461-AAAE-92DA05399D1C}.Debug|Any CPU.Build.0 = Debug|Any CPU
		{B8F9996D-A801-4461-AAAE-92DA05399D1C}.Release|Any CPU.ActiveCfg = Release|Any CPU
		{B8F9996D-A801-4461-AAAE-92DA05399D1C}.Release|Any CPU.Build.0 = Release|Any CPU
		{D9D881FB-0887-41BC-B889-CDB3D7E14157}.Debug|Any CPU.ActiveCfg = Debug|Any CPU
		{D9D881FB-0887-41BC-B889-CDB3D7E14157}.Debug|Any CPU.Build.0 = Debug|Any CPU
		{D9D881FB-0887-41BC-B889-CDB3D7E14157}.Release|Any CPU.ActiveCfg = Release|Any CPU
		{D9D881FB-0887-41BC-B889-CDB3D7E14157}.Release|Any CPU.Build.0 = Release|Any CPU
	EndGlobalSection
	GlobalSection(SolutionProperties) = preSolution
		HideSolutionNode = FALSE
	EndGlobalSection
	GlobalSection(ExtensibilityGlobals) = postSolution
		SolutionGuid = {EAAC5FF6-2883-49CE-B121-64977F901131}
	EndGlobalSection
EndGlobal
