
Microsoft Visual Studio Solution File, Format Version 12.00
# Visual Studio Version 17
VisualStudioVersion = 17.9.34728.123
MinimumVisualStudioVersion = 10.0.40219.1
Project("{9A19103F-16F7-4668-BE54-9A1E7A4F7556}") = "IFAuthenticator", "IFAuthenticator\IFAuthenticator.csproj", "{BF5E43A1-8F8B-4F81-90A2-8A4111CAC20A}"
EndProject
Project("{9A19103F-16F7-4668-BE54-9A1E7A4F7556}") = "IFGlobal", "IFGlobal\IFGlobal.csproj", "{230B3653-8C87-453F-9846-6F06440E725E}"
EndProject
Global
	GlobalSection(SolutionConfigurationPlatforms) = preSolution
		Debug|Any CPU = Debug|Any CPU
		Release|Any CPU = Release|Any CPU
	EndGlobalSection
	GlobalSection(ProjectConfigurationPlatforms) = postSolution
		{BF5E43A1-8F8B-4F81-90A2-8A4111CAC20A}.Debug|Any CPU.ActiveCfg = Debug|Any CPU
		{BF5E43A1-8F8B-4F81-90A2-8A4111CAC20A}.Debug|Any CPU.Build.0 = Debug|Any CPU
		{BF5E43A1-8F8B-4F81-90A2-8A4111CAC20A}.Release|Any CPU.ActiveCfg = Release|Any CPU
		{BF5E43A1-8F8B-4F81-90A2-8A4111CAC20A}.Release|Any CPU.Build.0 = Release|Any CPU
		{230B3653-8C87-453F-9846-6F06440E725E}.Debug|Any CPU.ActiveCfg = Debug|Any CPU
		{230B3653-8C87-453F-9846-6F06440E725E}.Debug|Any CPU.Build.0 = Debug|Any CPU
		{230B3653-8C87-453F-9846-6F06440E725E}.Release|Any CPU.ActiveCfg = Release|Any CPU
		{230B3653-8C87-453F-9846-6F06440E725E}.Release|Any CPU.Build.0 = Release|Any CPU
	EndGlobalSection
	GlobalSection(SolutionProperties) = preSolution
		HideSolutionNode = FALSE
	EndGlobalSection
	GlobalSection(ExtensibilityGlobals) = postSolution
		SolutionGuid = {EAAC5FF6-2883-49CE-B121-64977F901131}
	EndGlobalSection
EndGlobal
