
Microsoft Visual Studio Solution File, Format Version 12.00
# Visual Studio Version 17
VisualStudioVersion = 17.14.36327.8
MinimumVisualStudioVersion = 10.0.40219.1
Project("{FAE04EC0-301F-11D3-BF4B-00C04F79EFBC}") = "DelphiScanner.Classes", "DelphiScanner.Classes\DelphiScanner.Classes.csproj", "{F0A78F29-1351-47D0-B8F5-7EC583B0188E}"
EndProject
Project("{FAE04EC0-301F-11D3-BF4B-00C04F79EFBC}") = "DelphiScanner.Winforms", "DelphiScanner.Winforms\DelphiScanner.Winforms.csproj", "{F37A730B-91E6-AD1D-4A3D-F349AD7EF63E}"
EndProject
Global
	GlobalSection(SolutionConfigurationPlatforms) = preSolution
		Debug|Any CPU = Debug|Any CPU
		Release|Any CPU = Release|Any CPU
	EndGlobalSection
	GlobalSection(ProjectConfigurationPlatforms) = postSolution
		{F0A78F29-1351-47D0-B8F5-7EC583B0188E}.Debug|Any CPU.ActiveCfg = Debug|Any CPU
		{F0A78F29-1351-47D0-B8F5-7EC583B0188E}.Debug|Any CPU.Build.0 = Debug|Any CPU
		{F0A78F29-1351-47D0-B8F5-7EC583B0188E}.Release|Any CPU.ActiveCfg = Release|Any CPU
		{F0A78F29-1351-47D0-B8F5-7EC583B0188E}.Release|Any CPU.Build.0 = Release|Any CPU
		{F37A730B-91E6-AD1D-4A3D-F349AD7EF63E}.Debug|Any CPU.ActiveCfg = Debug|Any CPU
		{F37A730B-91E6-AD1D-4A3D-F349AD7EF63E}.Debug|Any CPU.Build.0 = Debug|Any CPU
		{F37A730B-91E6-AD1D-4A3D-F349AD7EF63E}.Release|Any CPU.ActiveCfg = Release|Any CPU
		{F37A730B-91E6-AD1D-4A3D-F349AD7EF63E}.Release|Any CPU.Build.0 = Release|Any CPU
	EndGlobalSection
	GlobalSection(SolutionProperties) = preSolution
		HideSolutionNode = FALSE
	EndGlobalSection
	GlobalSection(ExtensibilityGlobals) = postSolution
		SolutionGuid = {ADB854B4-78FE-4441-8591-F6494D1919F6}
	EndGlobalSection
EndGlobal
