Microsoft Visual Studio Solution File, Format Version 12.00
# Visual Studio Version 17
VisualStudioVersion = 17.5.2.0
MinimumVisualStudioVersion = 10.0.40219.1
Project("{FAE04EC0-301F-11D3-BF4B-00C04F79EFBC}") = "cat", "cat\cat.csproj", "{480A5158-478E-6AC0-9B83-3A159E25B79E}"
EndProject
Project("{FAE04EC0-301F-11D3-BF4B-00C04F79EFBC}") = "grep", "grep\grep.csproj", "{C2ADD399-1739-4A96-7023-25A47A246D04}"
EndProject
Project("{FAE04EC0-301F-11D3-BF4B-00C04F79EFBC}") = "ls", "ls\ls.csproj", "{8B7392F3-D0C7-DC8C-635C-DB6A7DA179A5}"
EndProject
Global
	GlobalSection(SolutionConfigurationPlatforms) = preSolution
		Debug|Any CPU = Debug|Any CPU
		Release|Any CPU = Release|Any CPU
	EndGlobalSection
	GlobalSection(ProjectConfigurationPlatforms) = postSolution
		{480A5158-478E-6AC0-9B83-3A159E25B79E}.Debug|Any CPU.ActiveCfg = Debug|Any CPU
		{480A5158-478E-6AC0-9B83-3A159E25B79E}.Debug|Any CPU.Build.0 = Debug|Any CPU
		{480A5158-478E-6AC0-9B83-3A159E25B79E}.Release|Any CPU.ActiveCfg = Release|Any CPU
		{480A5158-478E-6AC0-9B83-3A159E25B79E}.Release|Any CPU.Build.0 = Release|Any CPU
		{C2ADD399-1739-4A96-7023-25A47A246D04}.Debug|Any CPU.ActiveCfg = Debug|Any CPU
		{C2ADD399-1739-4A96-7023-25A47A246D04}.Debug|Any CPU.Build.0 = Debug|Any CPU
		{C2ADD399-1739-4A96-7023-25A47A246D04}.Release|Any CPU.ActiveCfg = Release|Any CPU
		{C2ADD399-1739-4A96-7023-25A47A246D04}.Release|Any CPU.Build.0 = Release|Any CPU
		{8B7392F3-D0C7-DC8C-635C-DB6A7DA179A5}.Debug|Any CPU.ActiveCfg = Debug|Any CPU
		{8B7392F3-D0C7-DC8C-635C-DB6A7DA179A5}.Debug|Any CPU.Build.0 = Debug|Any CPU
		{8B7392F3-D0C7-DC8C-635C-DB6A7DA179A5}.Release|Any CPU.ActiveCfg = Release|Any CPU
		{8B7392F3-D0C7-DC8C-635C-DB6A7DA179A5}.Release|Any CPU.Build.0 = Release|Any CPU
	EndGlobalSection
	GlobalSection(SolutionProperties) = preSolution
		HideSolutionNode = FALSE
	EndGlobalSection
	GlobalSection(ExtensibilityGlobals) = postSolution
		SolutionGuid = {E0464F36-7D91-4891-B74B-D4CFB898713F}
	EndGlobalSection
EndGlobal
